// !$*UTF8*$!
{
	archiveVersion = 1;
	classes = {
	};
	objectVersion = 56;
	objects = {

/* Begin PBXBuildFile section */
		1C078A5F29DE548200524C0B /* GetUserPostResponse.swift in Sources */ = {isa = PBXBuildFile; fileRef = 1C078A5E29DE548200524C0B /* GetUserPostResponse.swift */; };
		1C078A6129DE551E00524C0B /* PostViewModel.swift in Sources */ = {isa = PBXBuildFile; fileRef = 1C078A6029DE551E00524C0B /* PostViewModel.swift */; };
		1C09B51229D2629000270257 /* SignInViewModel.swift in Sources */ = {isa = PBXBuildFile; fileRef = 1C09B51129D2629000270257 /* SignInViewModel.swift */; };
		1C16E32529E2549300F25425 /* PetSliderView.swift in Sources */ = {isa = PBXBuildFile; fileRef = 1C16E32429E2549300F25425 /* PetSliderView.swift */; };
		1C16E32729E2585500F25425 /* PetsViewModel.swift in Sources */ = {isa = PBXBuildFile; fileRef = 1C16E32629E2585500F25425 /* PetsViewModel.swift */; };
		1C16E32929E2598800F25425 /* PetResponse.swift in Sources */ = {isa = PBXBuildFile; fileRef = 1C16E32829E2598800F25425 /* PetResponse.swift */; };
		1C16E32B29E26B7300F25425 /* PetProfile.swift in Sources */ = {isa = PBXBuildFile; fileRef = 1C16E32A29E26B7300F25425 /* PetProfile.swift */; };
		1C16E32E29E26C7B00F25425 /* SwiftUIX in Frameworks */ = {isa = PBXBuildFile; productRef = 1C16E32D29E26C7B00F25425 /* SwiftUIX */; };
		1C1CFA3229D598DA00BEC3B1 /* SignUpViewModel.swift in Sources */ = {isa = PBXBuildFile; fileRef = 1C1CFA3129D598DA00BEC3B1 /* SignUpViewModel.swift */; };
		1C1CFA3629D59FF500BEC3B1 /* SignUpResponse.swift in Sources */ = {isa = PBXBuildFile; fileRef = 1C1CFA3529D59FF500BEC3B1 /* SignUpResponse.swift */; };
		1C1CFA3829D5C7E300BEC3B1 /* ForgetPasswordViewModel.swift in Sources */ = {isa = PBXBuildFile; fileRef = 1C1CFA3729D5C7E300BEC3B1 /* ForgetPasswordViewModel.swift */; };
		1C1CFA3A29D5CA4500BEC3B1 /* ForgetPasswordResponse.swift in Sources */ = {isa = PBXBuildFile; fileRef = 1C1CFA3929D5CA4500BEC3B1 /* ForgetPasswordResponse.swift */; };
		1C1CFA3C29D5CDD700BEC3B1 /* VerificationCodeViewModel.swift in Sources */ = {isa = PBXBuildFile; fileRef = 1C1CFA3B29D5CDD700BEC3B1 /* VerificationCodeViewModel.swift */; };
		1C29EA8E29D6942200508B61 /* EditUserProfileViewModel.swift in Sources */ = {isa = PBXBuildFile; fileRef = 1C29EA8D29D6942100508B61 /* EditUserProfileViewModel.swift */; };
		1C2CACF629BBD6040014331D /* PetbookApp.swift in Sources */ = {isa = PBXBuildFile; fileRef = 1C2CACF529BBD6040014331D /* PetbookApp.swift */; };
		1C2CACF829BBD6040014331D /* ContentView.swift in Sources */ = {isa = PBXBuildFile; fileRef = 1C2CACF729BBD6040014331D /* ContentView.swift */; };
		1C2CACFA29BBD6050014331D /* Assets.xcassets in Resources */ = {isa = PBXBuildFile; fileRef = 1C2CACF929BBD6050014331D /* Assets.xcassets */; };
		1C2CACFD29BBD6050014331D /* Preview Assets.xcassets in Resources */ = {isa = PBXBuildFile; fileRef = 1C2CACFC29BBD6050014331D /* Preview Assets.xcassets */; };
		1C2CACFF29BBD6050014331D /* Persistence.swift in Sources */ = {isa = PBXBuildFile; fileRef = 1C2CACFE29BBD6050014331D /* Persistence.swift */; };
		1C2CAD0229BBD6050014331D /* Petbook.xcdatamodeld in Sources */ = {isa = PBXBuildFile; fileRef = 1C2CAD0029BBD6050014331D /* Petbook.xcdatamodeld */; };
		1C2CAD0C29BBDD390014331D /* LoginView.swift in Sources */ = {isa = PBXBuildFile; fileRef = 1C2CAD0B29BBDD390014331D /* LoginView.swift */; };
		1C2F7D5929D2764F000EDCA8 /* LoginResponse.swift in Sources */ = {isa = PBXBuildFile; fileRef = 1C2F7D5829D2764F000EDCA8 /* LoginResponse.swift */; };
		1C453D4029DDF1580094AF72 /* ImagePicker.swift in Sources */ = {isa = PBXBuildFile; fileRef = 1C453D3F29DDF1580094AF72 /* ImagePicker.swift */; };
		1C8D27E629C2586300406B99 /* EditProfileView.swift in Sources */ = {isa = PBXBuildFile; fileRef = 1C8D27E529C2586300406B99 /* EditProfileView.swift */; };
		1CCFFEB129DE11F20065BF45 /* NavBarView.swift in Sources */ = {isa = PBXBuildFile; fileRef = 1CCFFEB029DE11F20065BF45 /* NavBarView.swift */; };
		1CCFFEB329DE12930065BF45 /* FeedView.swift in Sources */ = {isa = PBXBuildFile; fileRef = 1CCFFEB229DE12930065BF45 /* FeedView.swift */; };
		1CCFFEB529DE1E350065BF45 /* ResetPasswordViewModel.swift in Sources */ = {isa = PBXBuildFile; fileRef = 1CCFFEB429DE1E350065BF45 /* ResetPasswordViewModel.swift */; };
		1CCFFEB729DE34700065BF45 /* ProfileViewModel.swift in Sources */ = {isa = PBXBuildFile; fileRef = 1CCFFEB629DE34700065BF45 /* ProfileViewModel.swift */; };
		1CCFFEB929DE42110065BF45 /* GetUserProfilResponse.swift in Sources */ = {isa = PBXBuildFile; fileRef = 1CCFFEB829DE42110065BF45 /* GetUserProfilResponse.swift */; };
		1CDCA98A29BBFE34007B930B /* SignUpView.swift in Sources */ = {isa = PBXBuildFile; fileRef = 1CDCA98929BBFE34007B930B /* SignUpView.swift */; };
		1CDCA98C29BC0086007B930B /* ProfileView.swift in Sources */ = {isa = PBXBuildFile; fileRef = 1CDCA98B29BC0086007B930B /* ProfileView.swift */; };
		1CE70A9B29C20E0F009515FA /* ResetPasswordView.swift in Sources */ = {isa = PBXBuildFile; fileRef = 1CE70A9A29C20E0F009515FA /* ResetPasswordView.swift */; };
		1CE70A9D29C21250009515FA /* ForgetPasswordView.swift in Sources */ = {isa = PBXBuildFile; fileRef = 1CE70A9C29C21250009515FA /* ForgetPasswordView.swift */; };
		1CE70A9F29C214FA009515FA /* UserProfileView.swift in Sources */ = {isa = PBXBuildFile; fileRef = 1CE70A9E29C214FA009515FA /* UserProfileView.swift */; };
		1CE70AA329C220C5009515FA /* User.swift in Sources */ = {isa = PBXBuildFile; fileRef = 1CE70AA229C220C5009515FA /* User.swift */; };
		1CE70AA529C2211A009515FA /* Pet.swift in Sources */ = {isa = PBXBuildFile; fileRef = 1CE70AA429C2211A009515FA /* Pet.swift */; };
		1CE70AA729C22143009515FA /* Message.swift in Sources */ = {isa = PBXBuildFile; fileRef = 1CE70AA629C22143009515FA /* Message.swift */; };
		1CE70AA929C2215B009515FA /* Post.swift in Sources */ = {isa = PBXBuildFile; fileRef = 1CE70AA829C2215B009515FA /* Post.swift */; };
		1CE70AAB29C221E6009515FA /* VerificationCodeView.swift in Sources */ = {isa = PBXBuildFile; fileRef = 1CE70AAA29C221E6009515FA /* VerificationCodeView.swift */; };
/* End PBXBuildFile section */

/* Begin PBXFileReference section */
		1C078A5E29DE548200524C0B /* GetUserPostResponse.swift */ = {isa = PBXFileReference; lastKnownFileType = sourcecode.swift; path = GetUserPostResponse.swift; sourceTree = "<group>"; };
		1C078A6029DE551E00524C0B /* PostViewModel.swift */ = {isa = PBXFileReference; lastKnownFileType = sourcecode.swift; path = PostViewModel.swift; sourceTree = "<group>"; };
		1C09B51129D2629000270257 /* SignInViewModel.swift */ = {isa = PBXFileReference; lastKnownFileType = sourcecode.swift; path = SignInViewModel.swift; sourceTree = "<group>"; };
		1C16E32429E2549300F25425 /* PetSliderView.swift */ = {isa = PBXFileReference; lastKnownFileType = sourcecode.swift; path = PetSliderView.swift; sourceTree = "<group>"; };
		1C16E32629E2585500F25425 /* PetsViewModel.swift */ = {isa = PBXFileReference; lastKnownFileType = sourcecode.swift; path = PetsViewModel.swift; sourceTree = "<group>"; };
		1C16E32829E2598800F25425 /* PetResponse.swift */ = {isa = PBXFileReference; lastKnownFileType = sourcecode.swift; path = PetResponse.swift; sourceTree = "<group>"; };
		1C16E32A29E26B7300F25425 /* PetProfile.swift */ = {isa = PBXFileReference; lastKnownFileType = sourcecode.swift; path = PetProfile.swift; sourceTree = "<group>"; };
		1C1CFA3129D598DA00BEC3B1 /* SignUpViewModel.swift */ = {isa = PBXFileReference; lastKnownFileType = sourcecode.swift; path = SignUpViewModel.swift; sourceTree = "<group>"; };
		1C1CFA3529D59FF500BEC3B1 /* SignUpResponse.swift */ = {isa = PBXFileReference; lastKnownFileType = sourcecode.swift; path = SignUpResponse.swift; sourceTree = "<group>"; };
		1C1CFA3729D5C7E300BEC3B1 /* ForgetPasswordViewModel.swift */ = {isa = PBXFileReference; lastKnownFileType = sourcecode.swift; path = ForgetPasswordViewModel.swift; sourceTree = "<group>"; };
		1C1CFA3929D5CA4500BEC3B1 /* ForgetPasswordResponse.swift */ = {isa = PBXFileReference; lastKnownFileType = sourcecode.swift; path = ForgetPasswordResponse.swift; sourceTree = "<group>"; };
		1C1CFA3B29D5CDD700BEC3B1 /* VerificationCodeViewModel.swift */ = {isa = PBXFileReference; lastKnownFileType = sourcecode.swift; path = VerificationCodeViewModel.swift; sourceTree = "<group>"; };
		1C29EA8D29D6942100508B61 /* EditUserProfileViewModel.swift */ = {isa = PBXFileReference; lastKnownFileType = sourcecode.swift; path = EditUserProfileViewModel.swift; sourceTree = "<group>"; };
		1C2CACF229BBD6040014331D /* Petbook.app */ = {isa = PBXFileReference; explicitFileType = wrapper.application; includeInIndex = 0; path = Petbook.app; sourceTree = BUILT_PRODUCTS_DIR; };
		1C2CACF529BBD6040014331D /* PetbookApp.swift */ = {isa = PBXFileReference; lastKnownFileType = sourcecode.swift; path = PetbookApp.swift; sourceTree = "<group>"; };
		1C2CACF729BBD6040014331D /* ContentView.swift */ = {isa = PBXFileReference; lastKnownFileType = sourcecode.swift; path = ContentView.swift; sourceTree = "<group>"; };
		1C2CACF929BBD6050014331D /* Assets.xcassets */ = {isa = PBXFileReference; lastKnownFileType = folder.assetcatalog; path = Assets.xcassets; sourceTree = "<group>"; };
		1C2CACFC29BBD6050014331D /* Preview Assets.xcassets */ = {isa = PBXFileReference; lastKnownFileType = folder.assetcatalog; path = "Preview Assets.xcassets"; sourceTree = "<group>"; };
		1C2CACFE29BBD6050014331D /* Persistence.swift */ = {isa = PBXFileReference; lastKnownFileType = sourcecode.swift; path = Persistence.swift; sourceTree = "<group>"; };
		1C2CAD0129BBD6050014331D /* Petbook.xcdatamodel */ = {isa = PBXFileReference; lastKnownFileType = wrapper.xcdatamodel; path = Petbook.xcdatamodel; sourceTree = "<group>"; };
		1C2CAD0B29BBDD390014331D /* LoginView.swift */ = {isa = PBXFileReference; lastKnownFileType = sourcecode.swift; path = LoginView.swift; sourceTree = "<group>"; };
		1C2F7D5829D2764F000EDCA8 /* LoginResponse.swift */ = {isa = PBXFileReference; lastKnownFileType = sourcecode.swift; path = LoginResponse.swift; sourceTree = "<group>"; };
		1C453D3F29DDF1580094AF72 /* ImagePicker.swift */ = {isa = PBXFileReference; lastKnownFileType = sourcecode.swift; path = ImagePicker.swift; sourceTree = "<group>"; };
		1C8D27E529C2586300406B99 /* EditProfileView.swift */ = {isa = PBXFileReference; lastKnownFileType = sourcecode.swift; path = EditProfileView.swift; sourceTree = "<group>"; };
		1CCFFEB029DE11F20065BF45 /* NavBarView.swift */ = {isa = PBXFileReference; lastKnownFileType = sourcecode.swift; path = NavBarView.swift; sourceTree = "<group>"; };
		1CCFFEB229DE12930065BF45 /* FeedView.swift */ = {isa = PBXFileReference; lastKnownFileType = sourcecode.swift; path = FeedView.swift; sourceTree = "<group>"; };
		1CCFFEB429DE1E350065BF45 /* ResetPasswordViewModel.swift */ = {isa = PBXFileReference; lastKnownFileType = sourcecode.swift; path = ResetPasswordViewModel.swift; sourceTree = "<group>"; };
		1CCFFEB629DE34700065BF45 /* ProfileViewModel.swift */ = {isa = PBXFileReference; lastKnownFileType = sourcecode.swift; path = ProfileViewModel.swift; sourceTree = "<group>"; };
		1CCFFEB829DE42110065BF45 /* GetUserProfilResponse.swift */ = {isa = PBXFileReference; lastKnownFileType = sourcecode.swift; path = GetUserProfilResponse.swift; sourceTree = "<group>"; };
		1CDCA98929BBFE34007B930B /* SignUpView.swift */ = {isa = PBXFileReference; lastKnownFileType = sourcecode.swift; path = SignUpView.swift; sourceTree = "<group>"; };
		1CDCA98B29BC0086007B930B /* ProfileView.swift */ = {isa = PBXFileReference; lastKnownFileType = sourcecode.swift; path = ProfileView.swift; sourceTree = "<group>"; };
		1CE70A9A29C20E0F009515FA /* ResetPasswordView.swift */ = {isa = PBXFileReference; lastKnownFileType = sourcecode.swift; path = ResetPasswordView.swift; sourceTree = "<group>"; };
		1CE70A9C29C21250009515FA /* ForgetPasswordView.swift */ = {isa = PBXFileReference; lastKnownFileType = sourcecode.swift; path = ForgetPasswordView.swift; sourceTree = "<group>"; };
		1CE70A9E29C214FA009515FA /* UserProfileView.swift */ = {isa = PBXFileReference; lastKnownFileType = sourcecode.swift; path = UserProfileView.swift; sourceTree = "<group>"; };
		1CE70AA229C220C5009515FA /* User.swift */ = {isa = PBXFileReference; lastKnownFileType = sourcecode.swift; path = User.swift; sourceTree = "<group>"; };
		1CE70AA429C2211A009515FA /* Pet.swift */ = {isa = PBXFileReference; lastKnownFileType = sourcecode.swift; path = Pet.swift; sourceTree = "<group>"; };
		1CE70AA629C22143009515FA /* Message.swift */ = {isa = PBXFileReference; lastKnownFileType = sourcecode.swift; path = Message.swift; sourceTree = "<group>"; };
		1CE70AA829C2215B009515FA /* Post.swift */ = {isa = PBXFileReference; lastKnownFileType = sourcecode.swift; path = Post.swift; sourceTree = "<group>"; };
		1CE70AAA29C221E6009515FA /* VerificationCodeView.swift */ = {isa = PBXFileReference; lastKnownFileType = sourcecode.swift; path = VerificationCodeView.swift; sourceTree = "<group>"; };
/* End PBXFileReference section */

/* Begin PBXFrameworksBuildPhase section */
		1C2CACEF29BBD6040014331D /* Frameworks */ = {
			isa = PBXFrameworksBuildPhase;
			buildActionMask = 2147483647;
			files = (
				1C16E32E29E26C7B00F25425 /* SwiftUIX in Frameworks */,
			);
			runOnlyForDeploymentPostprocessing = 0;
		};
/* End PBXFrameworksBuildPhase section */

/* Begin PBXGroup section */
		1C2CACE929BBD6040014331D = {
			isa = PBXGroup;
			children = (
				1C2CACF429BBD6040014331D /* Petbook */,
				1C2CACF329BBD6040014331D /* Products */,
			);
			sourceTree = "<group>";
		};
		1C2CACF329BBD6040014331D /* Products */ = {
			isa = PBXGroup;
			children = (
				1C2CACF229BBD6040014331D /* Petbook.app */,
			);
			name = Products;
			sourceTree = "<group>";
		};
		1C2CACF429BBD6040014331D /* Petbook */ = {
			isa = PBXGroup;
			children = (
				1C453D3E29DDF13F0094AF72 /* utils */,
				1C2CAD0A29BBD8F50014331D /* ViewController */,
				1C2CAD0929BBD8D20014331D /* ViewModel */,
				1C2CAD0829BBD8C10014331D /* Models */,
				1C2CACF529BBD6040014331D /* PetbookApp.swift */,
				1C2CACF729BBD6040014331D /* ContentView.swift */,
				1C2CACF929BBD6050014331D /* Assets.xcassets */,
				1C2CACFE29BBD6050014331D /* Persistence.swift */,
				1C2CAD0029BBD6050014331D /* Petbook.xcdatamodeld */,
				1C2CACFB29BBD6050014331D /* Preview Content */,
			);
			path = Petbook;
			sourceTree = "<group>";
		};
		1C2CACFB29BBD6050014331D /* Preview Content */ = {
			isa = PBXGroup;
			children = (
				1C2CACFC29BBD6050014331D /* Preview Assets.xcassets */,
			);
			path = "Preview Content";
			sourceTree = "<group>";
		};
		1C2CAD0829BBD8C10014331D /* Models */ = {
			isa = PBXGroup;
			children = (
				1CE70AA229C220C5009515FA /* User.swift */,
				1CE70AA429C2211A009515FA /* Pet.swift */,
				1CE70AA629C22143009515FA /* Message.swift */,
				1CE70AA829C2215B009515FA /* Post.swift */,
				1C2F7D5829D2764F000EDCA8 /* LoginResponse.swift */,
				1C1CFA3529D59FF500BEC3B1 /* SignUpResponse.swift */,
				1C1CFA3929D5CA4500BEC3B1 /* ForgetPasswordResponse.swift */,
				1CCFFEB829DE42110065BF45 /* GetUserProfilResponse.swift */,
				1C078A5E29DE548200524C0B /* GetUserPostResponse.swift */,
				1C16E32829E2598800F25425 /* PetResponse.swift */,
			);
			path = Models;
			sourceTree = "<group>";
		};
		1C2CAD0929BBD8D20014331D /* ViewModel */ = {
			isa = PBXGroup;
			children = (
				1C09B51129D2629000270257 /* SignInViewModel.swift */,
				1C1CFA3129D598DA00BEC3B1 /* SignUpViewModel.swift */,
				1C1CFA3729D5C7E300BEC3B1 /* ForgetPasswordViewModel.swift */,
				1C1CFA3B29D5CDD700BEC3B1 /* VerificationCodeViewModel.swift */,
				1C29EA8D29D6942100508B61 /* EditUserProfileViewModel.swift */,
				1CCFFEB429DE1E350065BF45 /* ResetPasswordViewModel.swift */,
				1CCFFEB629DE34700065BF45 /* ProfileViewModel.swift */,
				1C078A6029DE551E00524C0B /* PostViewModel.swift */,
				1C16E32629E2585500F25425 /* PetsViewModel.swift */,
			);
			path = ViewModel;
			sourceTree = "<group>";
		};
		1C2CAD0A29BBD8F50014331D /* ViewController */ = {
			isa = PBXGroup;
			children = (
				1C2CAD0B29BBDD390014331D /* LoginView.swift */,
				1CDCA98929BBFE34007B930B /* SignUpView.swift */,
				1CDCA98B29BC0086007B930B /* ProfileView.swift */,
				1CE70A9A29C20E0F009515FA /* ResetPasswordView.swift */,
				1CE70A9C29C21250009515FA /* ForgetPasswordView.swift */,
				1CE70A9E29C214FA009515FA /* UserProfileView.swift */,
				1CE70AAA29C221E6009515FA /* VerificationCodeView.swift */,
				1C8D27E529C2586300406B99 /* EditProfileView.swift */,
				1CCFFEB029DE11F20065BF45 /* NavBarView.swift */,
				1CCFFEB229DE12930065BF45 /* FeedView.swift */,
				1C16E32429E2549300F25425 /* PetSliderView.swift */,
				1C16E32A29E26B7300F25425 /* PetProfile.swift */,
			);
			path = ViewController;
			sourceTree = "<group>";
		};
		1C453D3E29DDF13F0094AF72 /* utils */ = {
			isa = PBXGroup;
			children = (
				1C453D3F29DDF1580094AF72 /* ImagePicker.swift */,
			);
			path = utils;
			sourceTree = "<group>";
		};
/* End PBXGroup section */

/* Begin PBXNativeTarget section */
		1C2CACF129BBD6040014331D /* Petbook */ = {
			isa = PBXNativeTarget;
			buildConfigurationList = 1C2CAD0529BBD6050014331D /* Build configuration list for PBXNativeTarget "Petbook" */;
			buildPhases = (
				1C2CACEE29BBD6040014331D /* Sources */,
				1C2CACEF29BBD6040014331D /* Frameworks */,
				1C2CACF029BBD6040014331D /* Resources */,
			);
			buildRules = (
			);
			dependencies = (
			);
			name = Petbook;
			packageProductDependencies = (
				1C16E32D29E26C7B00F25425 /* SwiftUIX */,
			);
			productName = Petbook;
			productReference = 1C2CACF229BBD6040014331D /* Petbook.app */;
			productType = "com.apple.product-type.application";
		};
/* End PBXNativeTarget section */

/* Begin PBXProject section */
		1C2CACEA29BBD6040014331D /* Project object */ = {
			isa = PBXProject;
			attributes = {
				BuildIndependentTargetsInParallel = 1;
				LastSwiftUpdateCheck = 1420;
				LastUpgradeCheck = 1420;
				TargetAttributes = {
					1C2CACF129BBD6040014331D = {
						CreatedOnToolsVersion = 14.2;
					};
				};
			};
			buildConfigurationList = 1C2CACED29BBD6040014331D /* Build configuration list for PBXProject "Petbook" */;
			compatibilityVersion = "Xcode 14.0";
			developmentRegion = en;
			hasScannedForEncodings = 0;
			knownRegions = (
				en,
				Base,
			);
			mainGroup = 1C2CACE929BBD6040014331D;
			packageReferences = (
				1C16E32C29E26C7B00F25425 /* XCRemoteSwiftPackageReference "SwiftUIX" */,
			);
			productRefGroup = 1C2CACF329BBD6040014331D /* Products */;
			projectDirPath = "";
			projectRoot = "";
			targets = (
				1C2CACF129BBD6040014331D /* Petbook */,
			);
		};
/* End PBXProject section */

/* Begin PBXResourcesBuildPhase section */
		1C2CACF029BBD6040014331D /* Resources */ = {
			isa = PBXResourcesBuildPhase;
			buildActionMask = 2147483647;
			files = (
				1C2CACFD29BBD6050014331D /* Preview Assets.xcassets in Resources */,
				1C2CACFA29BBD6050014331D /* Assets.xcassets in Resources */,
			);
			runOnlyForDeploymentPostprocessing = 0;
		};
/* End PBXResourcesBuildPhase section */

/* Begin PBXSourcesBuildPhase section */
		1C2CACEE29BBD6040014331D /* Sources */ = {
			isa = PBXSourcesBuildPhase;
			buildActionMask = 2147483647;
			files = (
				1C078A6129DE551E00524C0B /* PostViewModel.swift in Sources */,
				1C078A5F29DE548200524C0B /* GetUserPostResponse.swift in Sources */,
				1C2CAD0229BBD6050014331D /* Petbook.xcdatamodeld in Sources */,
				1C16E32529E2549300F25425 /* PetSliderView.swift in Sources */,
				1CCFFEB329DE12930065BF45 /* FeedView.swift in Sources */,
				1C16E32B29E26B7300F25425 /* PetProfile.swift in Sources */,
				1CCFFEB729DE34700065BF45 /* ProfileViewModel.swift in Sources */,
				1C16E32929E2598800F25425 /* PetResponse.swift in Sources */,
				1C2CACFF29BBD6050014331D /* Persistence.swift in Sources */,
				1CCFFEB929DE42110065BF45 /* GetUserProfilResponse.swift in Sources */,
				1C453D4029DDF1580094AF72 /* ImagePicker.swift in Sources */,
				1C1CFA3A29D5CA4500BEC3B1 /* ForgetPasswordResponse.swift in Sources */,
				1C16E32729E2585500F25425 /* PetsViewModel.swift in Sources */,
				1C29EA8E29D6942200508B61 /* EditUserProfileViewModel.swift in Sources */,
				1C8D27E629C2586300406B99 /* EditProfileView.swift in Sources */,
				1C2CACF829BBD6040014331D /* ContentView.swift in Sources */,
				1CE70A9B29C20E0F009515FA /* ResetPasswordView.swift in Sources */,
				1C1CFA3229D598DA00BEC3B1 /* SignUpViewModel.swift in Sources */,
				1CE70A9F29C214FA009515FA /* UserProfileView.swift in Sources */,
				1CE70AA929C2215B009515FA /* Post.swift in Sources */,
				1C1CFA3629D59FF500BEC3B1 /* SignUpResponse.swift in Sources */,
				1CCFFEB529DE1E350065BF45 /* ResetPasswordViewModel.swift in Sources */,
				1CE70A9D29C21250009515FA /* ForgetPasswordView.swift in Sources */,
				1C1CFA3829D5C7E300BEC3B1 /* ForgetPasswordViewModel.swift in Sources */,
				1C2CAD0C29BBDD390014331D /* LoginView.swift in Sources */,
				1C2F7D5929D2764F000EDCA8 /* LoginResponse.swift in Sources */,
				1C09B51229D2629000270257 /* SignInViewModel.swift in Sources */,
				1C1CFA3C29D5CDD700BEC3B1 /* VerificationCodeViewModel.swift in Sources */,
				1CDCA98A29BBFE34007B930B /* SignUpView.swift in Sources */,
				1CE70AAB29C221E6009515FA /* VerificationCodeView.swift in Sources */,
				1CDCA98C29BC0086007B930B /* ProfileView.swift in Sources */,
				1CE70AA729C22143009515FA /* Message.swift in Sources */,
				1CCFFEB129DE11F20065BF45 /* NavBarView.swift in Sources */,
				1CE70AA529C2211A009515FA /* Pet.swift in Sources */,
				1C2CACF629BBD6040014331D /* PetbookApp.swift in Sources */,
				1CE70AA329C220C5009515FA /* User.swift in Sources */,
			);
			runOnlyForDeploymentPostprocessing = 0;
		};
/* End PBXSourcesBuildPhase section */

/* Begin XCBuildConfiguration section */
		1C2CAD0329BBD6050014331D /* Debug */ = {
			isa = XCBuildConfiguration;
			buildSettings = {
				ALWAYS_SEARCH_USER_PATHS = NO;
				CLANG_ANALYZER_NONNULL = YES;
				CLANG_ANALYZER_NUMBER_OBJECT_CONVERSION = YES_AGGRESSIVE;
				CLANG_CXX_LANGUAGE_STANDARD = "gnu++20";
				CLANG_ENABLE_MODULES = YES;
				CLANG_ENABLE_OBJC_ARC = YES;
				CLANG_ENABLE_OBJC_WEAK = YES;
				CLANG_WARN_BLOCK_CAPTURE_AUTORELEASING = YES;
				CLANG_WARN_BOOL_CONVERSION = YES;
				CLANG_WARN_COMMA = YES;
				CLANG_WARN_CONSTANT_CONVERSION = YES;
				CLANG_WARN_DEPRECATED_OBJC_IMPLEMENTATIONS = YES;
				CLANG_WARN_DIRECT_OBJC_ISA_USAGE = YES_ERROR;
				CLANG_WARN_DOCUMENTATION_COMMENTS = YES;
				CLANG_WARN_EMPTY_BODY = YES;
				CLANG_WARN_ENUM_CONVERSION = YES;
				CLANG_WARN_INFINITE_RECURSION = YES;
				CLANG_WARN_INT_CONVERSION = YES;
				CLANG_WARN_NON_LITERAL_NULL_CONVERSION = YES;
				CLANG_WARN_OBJC_IMPLICIT_RETAIN_SELF = YES;
				CLANG_WARN_OBJC_LITERAL_CONVERSION = YES;
				CLANG_WARN_OBJC_ROOT_CLASS = YES_ERROR;
				CLANG_WARN_QUOTED_INCLUDE_IN_FRAMEWORK_HEADER = YES;
				CLANG_WARN_RANGE_LOOP_ANALYSIS = YES;
				CLANG_WARN_STRICT_PROTOTYPES = YES;
				CLANG_WARN_SUSPICIOUS_MOVE = YES;
				CLANG_WARN_UNGUARDED_AVAILABILITY = YES_AGGRESSIVE;
				CLANG_WARN_UNREACHABLE_CODE = YES;
				CLANG_WARN__DUPLICATE_METHOD_MATCH = YES;
				COPY_PHASE_STRIP = NO;
				DEBUG_INFORMATION_FORMAT = dwarf;
				ENABLE_STRICT_OBJC_MSGSEND = YES;
				ENABLE_TESTABILITY = YES;
				GCC_C_LANGUAGE_STANDARD = gnu11;
				GCC_DYNAMIC_NO_PIC = NO;
				GCC_NO_COMMON_BLOCKS = YES;
				GCC_OPTIMIZATION_LEVEL = 0;
				GCC_PREPROCESSOR_DEFINITIONS = (
					"DEBUG=1",
					"$(inherited)",
				);
				GCC_WARN_64_TO_32_BIT_CONVERSION = YES;
				GCC_WARN_ABOUT_RETURN_TYPE = YES_ERROR;
				GCC_WARN_UNDECLARED_SELECTOR = YES;
				GCC_WARN_UNINITIALIZED_AUTOS = YES_AGGRESSIVE;
				GCC_WARN_UNUSED_FUNCTION = YES;
				GCC_WARN_UNUSED_VARIABLE = YES;
				IPHONEOS_DEPLOYMENT_TARGET = 16.2;
				MTL_ENABLE_DEBUG_INFO = INCLUDE_SOURCE;
				MTL_FAST_MATH = YES;
				ONLY_ACTIVE_ARCH = YES;
				SDKROOT = iphoneos;
				SWIFT_ACTIVE_COMPILATION_CONDITIONS = DEBUG;
				SWIFT_OPTIMIZATION_LEVEL = "-Onone";
			};
			name = Debug;
		};
		1C2CAD0429BBD6050014331D /* Release */ = {
			isa = XCBuildConfiguration;
			buildSettings = {
				ALWAYS_SEARCH_USER_PATHS = NO;
				CLANG_ANALYZER_NONNULL = YES;
				CLANG_ANALYZER_NUMBER_OBJECT_CONVERSION = YES_AGGRESSIVE;
				CLANG_CXX_LANGUAGE_STANDARD = "gnu++20";
				CLANG_ENABLE_MODULES = YES;
				CLANG_ENABLE_OBJC_ARC = YES;
				CLANG_ENABLE_OBJC_WEAK = YES;
				CLANG_WARN_BLOCK_CAPTURE_AUTORELEASING = YES;
				CLANG_WARN_BOOL_CONVERSION = YES;
				CLANG_WARN_COMMA = YES;
				CLANG_WARN_CONSTANT_CONVERSION = YES;
				CLANG_WARN_DEPRECATED_OBJC_IMPLEMENTATIONS = YES;
				CLANG_WARN_DIRECT_OBJC_ISA_USAGE = YES_ERROR;
				CLANG_WARN_DOCUMENTATION_COMMENTS = YES;
				CLANG_WARN_EMPTY_BODY = YES;
				CLANG_WARN_ENUM_CONVERSION = YES;
				CLANG_WARN_INFINITE_RECURSION = YES;
				CLANG_WARN_INT_CONVERSION = YES;
				CLANG_WARN_NON_LITERAL_NULL_CONVERSION = YES;
				CLANG_WARN_OBJC_IMPLICIT_RETAIN_SELF = YES;
				CLANG_WARN_OBJC_LITERAL_CONVERSION = YES;
				CLANG_WARN_OBJC_ROOT_CLASS = YES_ERROR;
				CLANG_WARN_QUOTED_INCLUDE_IN_FRAMEWORK_HEADER = YES;
				CLANG_WARN_RANGE_LOOP_ANALYSIS = YES;
				CLANG_WARN_STRICT_PROTOTYPES = YES;
				CLANG_WARN_SUSPICIOUS_MOVE = YES;
				CLANG_WARN_UNGUARDED_AVAILABILITY = YES_AGGRESSIVE;
				CLANG_WARN_UNREACHABLE_CODE = YES;
				CLANG_WARN__DUPLICATE_METHOD_MATCH = YES;
				COPY_PHASE_STRIP = NO;
				DEBUG_INFORMATION_FORMAT = "dwarf-with-dsym";
				ENABLE_NS_ASSERTIONS = NO;
				ENABLE_STRICT_OBJC_MSGSEND = YES;
				GCC_C_LANGUAGE_STANDARD = gnu11;
				GCC_NO_COMMON_BLOCKS = YES;
				GCC_WARN_64_TO_32_BIT_CONVERSION = YES;
				GCC_WARN_ABOUT_RETURN_TYPE = YES_ERROR;
				GCC_WARN_UNDECLARED_SELECTOR = YES;
				GCC_WARN_UNINITIALIZED_AUTOS = YES_AGGRESSIVE;
				GCC_WARN_UNUSED_FUNCTION = YES;
				GCC_WARN_UNUSED_VARIABLE = YES;
				IPHONEOS_DEPLOYMENT_TARGET = 16.2;
				MTL_ENABLE_DEBUG_INFO = NO;
				MTL_FAST_MATH = YES;
				SDKROOT = iphoneos;
				SWIFT_COMPILATION_MODE = wholemodule;
				SWIFT_OPTIMIZATION_LEVEL = "-O";
				VALIDATE_PRODUCT = YES;
			};
			name = Release;
		};
		1C2CAD0629BBD6050014331D /* Debug */ = {
			isa = XCBuildConfiguration;
			buildSettings = {
				ASSETCATALOG_COMPILER_APPICON_NAME = AppIcon;
				ASSETCATALOG_COMPILER_GLOBAL_ACCENT_COLOR_NAME = AccentColor;
				CODE_SIGN_STYLE = Automatic;
				CURRENT_PROJECT_VERSION = 1;
				DEVELOPMENT_ASSET_PATHS = "\"Petbook/Preview Content\"";
				DEVELOPMENT_TEAM = XV7B528UZS;
				ENABLE_PREVIEWS = YES;
				GENERATE_INFOPLIST_FILE = YES;
				INFOPLIST_KEY_UIApplicationSceneManifest_Generation = YES;
				INFOPLIST_KEY_UIApplicationSupportsIndirectInputEvents = YES;
				INFOPLIST_KEY_UILaunchScreen_Generation = YES;
				INFOPLIST_KEY_UISupportedInterfaceOrientations_iPad = "UIInterfaceOrientationPortrait UIInterfaceOrientationPortraitUpsideDown UIInterfaceOrientationLandscapeLeft UIInterfaceOrientationLandscapeRight";
				INFOPLIST_KEY_UISupportedInterfaceOrientations_iPhone = "UIInterfaceOrientationPortrait UIInterfaceOrientationLandscapeLeft UIInterfaceOrientationLandscapeRight";
				IPHONEOS_DEPLOYMENT_TARGET = 16.1;
				LD_RUNPATH_SEARCH_PATHS = (
					"$(inherited)",
					"@executable_path/Frameworks",
				);
				MARKETING_VERSION = 1.0;
				PRODUCT_BUNDLE_IDENTIFIER = dalikhalil.Petbook;
				PRODUCT_NAME = "$(TARGET_NAME)";
				SWIFT_EMIT_LOC_STRINGS = YES;
				SWIFT_VERSION = 5.0;
				TARGETED_DEVICE_FAMILY = "1,2";
			};
			name = Debug;
		};
		1C2CAD0729BBD6050014331D /* Release */ = {
			isa = XCBuildConfiguration;
			buildSettings = {
				ASSETCATALOG_COMPILER_APPICON_NAME = AppIcon;
				ASSETCATALOG_COMPILER_GLOBAL_ACCENT_COLOR_NAME = AccentColor;
				CODE_SIGN_STYLE = Automatic;
				CURRENT_PROJECT_VERSION = 1;
				DEVELOPMENT_ASSET_PATHS = "\"Petbook/Preview Content\"";
				DEVELOPMENT_TEAM = XV7B528UZS;
				ENABLE_PREVIEWS = YES;
				GENERATE_INFOPLIST_FILE = YES;
				INFOPLIST_KEY_UIApplicationSceneManifest_Generation = YES;
				INFOPLIST_KEY_UIApplicationSupportsIndirectInputEvents = YES;
				INFOPLIST_KEY_UILaunchScreen_Generation = YES;
				INFOPLIST_KEY_UISupportedInterfaceOrientations_iPad = "UIInterfaceOrientationPortrait UIInterfaceOrientationPortraitUpsideDown UIInterfaceOrientationLandscapeLeft UIInterfaceOrientationLandscapeRight";
				INFOPLIST_KEY_UISupportedInterfaceOrientations_iPhone = "UIInterfaceOrientationPortrait UIInterfaceOrientationLandscapeLeft UIInterfaceOrientationLandscapeRight";
				IPHONEOS_DEPLOYMENT_TARGET = 16.1;
				LD_RUNPATH_SEARCH_PATHS = (
					"$(inherited)",
					"@executable_path/Frameworks",
				);
				MARKETING_VERSION = 1.0;
				PRODUCT_BUNDLE_IDENTIFIER = dalikhalil.Petbook;
				PRODUCT_NAME = "$(TARGET_NAME)";
				SWIFT_EMIT_LOC_STRINGS = YES;
				SWIFT_VERSION = 5.0;
				TARGETED_DEVICE_FAMILY = "1,2";
			};
			name = Release;
		};
/* End XCBuildConfiguration section */

/* Begin XCConfigurationList section */
		1C2CACED29BBD6040014331D /* Build configuration list for PBXProject "Petbook" */ = {
			isa = XCConfigurationList;
			buildConfigurations = (
				1C2CAD0329BBD6050014331D /* Debug */,
				1C2CAD0429BBD6050014331D /* Release */,
			);
			defaultConfigurationIsVisible = 0;
			defaultConfigurationName = Release;
		};
		1C2CAD0529BBD6050014331D /* Build configuration list for PBXNativeTarget "Petbook" */ = {
			isa = XCConfigurationList;
			buildConfigurations = (
				1C2CAD0629BBD6050014331D /* Debug */,
				1C2CAD0729BBD6050014331D /* Release */,
			);
			defaultConfigurationIsVisible = 0;
			defaultConfigurationName = Release;
		};
/* End XCConfigurationList section */

/* Begin XCRemoteSwiftPackageReference section */
		1C16E32C29E26C7B00F25425 /* XCRemoteSwiftPackageReference "SwiftUIX" */ = {
			isa = XCRemoteSwiftPackageReference;
			repositoryURL = "https://github.com/SwiftUIX/SwiftUIX";
			requirement = {
				kind = upToNextMajorVersion;
				minimumVersion = 0.1.4;
			};
		};
/* End XCRemoteSwiftPackageReference section */

/* Begin XCSwiftPackageProductDependency section */
		1C16E32D29E26C7B00F25425 /* SwiftUIX */ = {
			isa = XCSwiftPackageProductDependency;
			package = 1C16E32C29E26C7B00F25425 /* XCRemoteSwiftPackageReference "SwiftUIX" */;
			productName = SwiftUIX;
		};
/* End XCSwiftPackageProductDependency section */

/* Begin XCVersionGroup section */
		1C2CAD0029BBD6050014331D /* Petbook.xcdatamodeld */ = {
			isa = XCVersionGroup;
			children = (
				1C2CAD0129BBD6050014331D /* Petbook.xcdatamodel */,
			);
			currentVersion = 1C2CAD0129BBD6050014331D /* Petbook.xcdatamodel */;
			path = Petbook.xcdatamodeld;
			sourceTree = "<group>";
			versionGroupType = wrapper.xcdatamodel;
		};
/* End XCVersionGroup section */
	};
	rootObject = 1C2CACEA29BBD6040014331D /* Project object */;
}
